
Microsoft Visual Studio Solution File, Format Version 12.00
# Visual Studio Version 16
VisualStudioVersion = 16.0.29409.12
MinimumVisualStudioVersion = 10.0.40219.1
Project("{9A19103F-16F7-4668-BE54-9A1E7A4F7556}") = "TestCodeDOM", "TestCodeDOM\TestCodeDOM.csproj", "{8528BED8-BA52-4F91-93CC-9C0D8BD87879}"
EndProject
Global
	GlobalSection(SolutionConfigurationPlatforms) = preSolution
		Debug|Any CPU = Debug|Any CPU
		Release|Any CPU = Release|Any CPU
	EndGlobalSection
	GlobalSection(ProjectConfigurationPlatforms) = postSolution
		{8528BED8-BA52-4F91-93CC-9C0D8BD87879}.Debug|Any CPU.ActiveCfg = Debug|Any CPU
		{8528BED8-BA52-4F91-93CC-9C0D8BD87879}.Debug|Any CPU.Build.0 = Debug|Any CPU
		{8528BED8-BA52-4F91-93CC-9C0D8BD87879}.Release|Any CPU.ActiveCfg = Release|Any CPU
		{8528BED8-BA52-4F91-93CC-9C0D8BD87879}.Release|Any CPU.Build.0 = Release|Any CPU
	EndGlobalSection
	GlobalSection(SolutionProperties) = preSolution
		HideSolutionNode = FALSE
	EndGlobalSection
	GlobalSection(ExtensibilityGlobals) = postSolution
		SolutionGuid = {95BDCF66-4A2F-4544-951D-EBC4DBF0AAE0}
	EndGlobalSection
EndGlobal
